{
  "version": 4,
  "terraform_version": "1.11.2",
  "serial": 14,
  "lineage": "57e53d6e-2369-f6d2-096b-b5d2e504854d",
  "outputs": {},
  "resources": [
    {
      "mode": "managed",
      "type": "local_file",
      "name": "file_name",
      "provider": "provider[\"registry.terraform.io/hashicorp/local\"]",
      "instances": [
        {
          "index_key": 0,
          "schema_version": 0,
          "attributes": {
            "content": "Hello",
            "content_base64": null,
            "content_base64sha256": "GF+NsyJx/iX1Yab8k4suJkMG7DBO2lGAB9F2SCY4GWk=",
            "content_base64sha512": "NhX4DJ0pPtdAJof5SyLVjlKbjMeRb4+sf933+9WvTPd309eVp6AKFr9+fz+5Vh7puq5IDan+ehh2nnGIawPzFQ==",
            "content_md5": "8b1a9953c4611296a827abf8c47804d7",
            "content_sha1": "f7ff9e8b7bb2e09b70935a5d785e0cc5d9d0abf0",
            "content_sha256": "185f8db32271fe25f561a6fc938b2e264306ec304eda518007d1764826381969",
            "content_sha512": "3615f80c9d293ed7402687f94b22d58e529b8cc7916f8fac7fddf7fbd5af4cf777d3d795a7a00a16bf7e7f3fb9561ee9baae480da9fe7a18769e71886b03f315",
            "directory_permission": "0777",
            "file_permission": "0777",
            "filename": "./example-0",
            "id": "f7ff9e8b7bb2e09b70935a5d785e0cc5d9d0abf0",
            "sensitive_content": null,
            "source": null
          },
          "sensitive_attributes": [
            [
              {
                "type": "get_attr",
                "value": "sensitive_content"
              }
            ]
          ]
        },
        {
          "index_key": 1,
          "schema_version": 0,
          "attributes": {
            "content": "Hello",
            "content_base64": null,
            "content_base64sha256": "GF+NsyJx/iX1Yab8k4suJkMG7DBO2lGAB9F2SCY4GWk=",
            "content_base64sha512": "NhX4DJ0pPtdAJof5SyLVjlKbjMeRb4+sf933+9WvTPd309eVp6AKFr9+fz+5Vh7puq5IDan+ehh2nnGIawPzFQ==",
            "content_md5": "8b1a9953c4611296a827abf8c47804d7",
            "content_sha1": "f7ff9e8b7bb2e09b70935a5d785e0cc5d9d0abf0",
            "content_sha256": "185f8db32271fe25f561a6fc938b2e264306ec304eda518007d1764826381969",
            "content_sha512": "3615f80c9d293ed7402687f94b22d58e529b8cc7916f8fac7fddf7fbd5af4cf777d3d795a7a00a16bf7e7f3fb9561ee9baae480da9fe7a18769e71886b03f315",
            "directory_permission": "0777",
            "file_permission": "0777",
            "filename": "./example-1",
            "id": "f7ff9e8b7bb2e09b70935a5d785e0cc5d9d0abf0",
            "sensitive_content": null,
            "source": null
          },
          "sensitive_attributes": [
            [
              {
                "type": "get_attr",
                "value": "sensitive_content"
              }
            ]
          ]
        }
      ]
    },
    {
      "mode": "managed",
      "type": "local_sensitive_file",
      "name": "foo",
      "provider": "provider[\"registry.terraform.io/hashicorp/local\"]",
      "instances": [
        {
          "schema_version": 0,
          "attributes": {
            "content": "foo!",
            "content_base64": null,
            "content_base64sha256": "wOCqrqBQvPO+JsDCPVj6iQwN+3nIojAWtKhs0oym6nE=",
            "content_base64sha512": "TSCmPxazw2YStHurNILfRykjK/J4evgArH/2KnQuzQZodz4cq1f/ig2GeQO7mBI+Qx5jkTQEZxLCGs3mPtsB3Q==",
            "content_md5": "35af8b7a9490467f75f19c1e5459f7e7",
            "content_sha1": "4bf3e335199107182c6f7638efaad377acc7f452",
            "content_sha256": "c0e0aaaea050bcf3be26c0c23d58fa890c0dfb79c8a23016b4a86cd28ca6ea71",
            "content_sha512": "4d20a63f16b3c36612b47bab3482df4729232bf2787af800ac7ff62a742ecd0668773e1cab57ff8a0d867903bb98123e431e639134046712c21acde63edb01dd",
            "directory_permission": "0700",
            "file_permission": "0700",
            "filename": "./sensitive_example.txt",
            "id": "4bf3e335199107182c6f7638efaad377acc7f452",
            "source": null
          },
          "sensitive_attributes": [
            [
              {
                "type": "get_attr",
                "value": "content_base64"
              }
            ],
            [
              {
                "type": "get_attr",
                "value": "content"
              }
            ]
          ]
        }
      ]
    }
  ],
  "check_results": null
}
